<?xml version="1.0" encoding="utf-8"?>
<Project ToolsVersion="4.0" xmlns="http://schemas.microsoft.com/developer/msbuild/2003">
  <ItemGroup>
    <Filter Include="Main">
      <UniqueIdentifier>{4FC737F1-C7A5-4376-A066-2A32D752A2FF}</UniqueIdentifier>
      <Extensions>cpp;c;cc;cxx;c++;cppm;ixx;def;odl;idl;hpj;bat;asm;asmx</Extensions>
    </Filter>
    <Filter Include="NetLib">
      <UniqueIdentifier>{61bebb29-c672-4337-8bf8-e107be58dc31}</UniqueIdentifier>
    </Filter>
    <Filter Include="Common">
      <UniqueIdentifier>{4d2ec7d5-380b-4ff2-95b5-f751809b201f}</UniqueIdentifier>
    </Filter>
    <Filter Include="Common\DataStructure">
      <UniqueIdentifier>{984dcec7-7631-4da5-b482-4cb9c74ad380}</UniqueIdentifier>
    </Filter>
    <Filter Include="Common\DataStructure\Test">
      <UniqueIdentifier>{60831dc2-da0d-498b-9a6d-da23e10eab75}</UniqueIdentifier>
    </Filter>
    <Filter Include="LOG">
      <UniqueIdentifier>{bdba9492-9f88-4ade-93e9-9a40a45dea87}</UniqueIdentifier>
    </Filter>
    <Filter Include="GameServer">
      <UniqueIdentifier>{603e999e-349a-4711-84f8-2623e9c0d7ed}</UniqueIdentifier>
    </Filter>
    <Filter Include="GameServer\Common">
      <UniqueIdentifier>{3129d0eb-534b-431e-8fb2-da193b68311c}</UniqueIdentifier>
    </Filter>
    <Filter Include="GameServer\Message">
      <UniqueIdentifier>{5b93d541-d869-4834-953a-ec3b50ad3439}</UniqueIdentifier>
    </Filter>
    <Filter Include="GameServer\Player">
      <UniqueIdentifier>{03cb555f-1986-488a-9135-8f0f86de4d24}</UniqueIdentifier>
    </Filter>
  </ItemGroup>
  <ItemGroup>
    <ClCompile Include="main.cpp">
      <Filter>Main</Filter>
    </ClCompile>
    <ClCompile Include="CircularQueue.cpp">
      <Filter>Common\DataStructure</Filter>
    </ClCompile>
    <ClCompile Include="NetLib.cpp">
      <Filter>NetLib</Filter>
    </ClCompile>
    <ClCompile Include="Logger.cpp">
      <Filter>LOG</Filter>
    </ClCompile>
    <ClCompile Include="Session.cpp">
      <Filter>NetLib</Filter>
    </ClCompile>
    <ClCompile Include="GameServer.cpp">
      <Filter>GameServer</Filter>
    </ClCompile>
    <ClCompile Include="Player.cpp">
      <Filter>GameServer\Player</Filter>
    </ClCompile>
    <ClCompile Include="MessageBuilder.cpp">
      <Filter>GameServer\Message</Filter>
    </ClCompile>
  </ItemGroup>
  <ItemGroup>
    <ClInclude Include="NetLib.h">
      <Filter>NetLib</Filter>
    </ClInclude>
    <ClInclude Include="Session.h">
      <Filter>NetLib</Filter>
    </ClInclude>
    <ClInclude Include="CircularQueue.h">
      <Filter>Common\DataStructure</Filter>
    </ClInclude>
    <ClInclude Include="CircularQueueTest.h">
      <Filter>Common\DataStructure\Test</Filter>
    </ClInclude>
    <ClInclude Include="MemoryPool.h">
      <Filter>Common\DataStructure</Filter>
    </ClInclude>
    <ClInclude Include="ErrorMessage.h">
      <Filter>Common</Filter>
    </ClInclude>
    <ClInclude Include="Logger.h">
      <Filter>LOG</Filter>
    </ClInclude>
    <ClInclude Include="Config.h">
      <Filter>Common</Filter>
    </ClInclude>
    <ClInclude Include="GameServer.h">
      <Filter>GameServer</Filter>
    </ClInclude>
    <ClInclude Include="ContentDefines.h">
      <Filter>GameServer\Common</Filter>
    </ClInclude>
    <ClInclude Include="MessageFormat.h">
      <Filter>GameServer\Message</Filter>
    </ClInclude>
    <ClInclude Include="MessageBuilder.h">
      <Filter>GameServer\Message</Filter>
    </ClInclude>
    <ClInclude Include="Player.h">
      <Filter>GameServer\Player</Filter>
    </ClInclude>
    <ClInclude Include="PlayerDefine.h">
      <Filter>GameServer\Player</Filter>
    </ClInclude>
    <ClInclude Include="ObjectPool.h">
      <Filter>Common\DataStructure</Filter>
    </ClInclude>
    <ClInclude Include="SerializeBuffer.h">
      <Filter>Common\DataStructure</Filter>
    </ClInclude>
  </ItemGroup>
</Project>